
Microsoft Visual Studio Solution File, Format Version 12.00
# Visual Studio 15
VisualStudioVersion = 15.0.28010.2048
MinimumVisualStudioVersion = 10.0.40219.1
Project("{2150E333-8FDC-42A3-9474-1A3956D46DE8}") = "Common", "Common", "{2C4A7648-7D82-45AC-907F-7D5E14EA5EBE}"
EndProject
Project("{9A19103F-16F7-4668-BE54-9A1E7A4F7556}") = "TSqlScriptGenerator", "src\TSqlScriptGenerator\TSqlScriptGenerator.csproj", "{F35D9FC0-45BF-45B2-B0C6-60238A20A3BC}"
EndProject
Project("{2150E333-8FDC-42A3-9474-1A3956D46DE8}") = "Tools", "Tools", "{0DA0A71D-004D-4198-B5BE-C504ACE33F0B}"
EndProject
Project("{9A19103F-16F7-4668-BE54-9A1E7A4F7556}") = "CsvUtilities", "tools\CsvUtilities\CsvUtilities.csproj", "{2E907E78-D1B3-44C0-A516-A0191D948125}"
EndProject
Project("{9A19103F-16F7-4668-BE54-9A1E7A4F7556}") = "DbModelUtilities", "tools\DbModelUtilities\DbModelUtilities.csproj", "{589728A0-744A-4887-8B7A-81B6966DD4FE}"
EndProject
Global
	GlobalSection(SolutionConfigurationPlatforms) = preSolution
		Debug|Any CPU = Debug|Any CPU
		Release|Any CPU = Release|Any CPU
	EndGlobalSection
	GlobalSection(ProjectConfigurationPlatforms) = postSolution
		{F35D9FC0-45BF-45B2-B0C6-60238A20A3BC}.Debug|Any CPU.ActiveCfg = Debug|Any CPU
		{F35D9FC0-45BF-45B2-B0C6-60238A20A3BC}.Debug|Any CPU.Build.0 = Debug|Any CPU
		{F35D9FC0-45BF-45B2-B0C6-60238A20A3BC}.Release|Any CPU.ActiveCfg = Release|Any CPU
		{F35D9FC0-45BF-45B2-B0C6-60238A20A3BC}.Release|Any CPU.Build.0 = Release|Any CPU
		{2E907E78-D1B3-44C0-A516-A0191D948125}.Debug|Any CPU.ActiveCfg = Debug|Any CPU
		{2E907E78-D1B3-44C0-A516-A0191D948125}.Debug|Any CPU.Build.0 = Debug|Any CPU
		{2E907E78-D1B3-44C0-A516-A0191D948125}.Release|Any CPU.ActiveCfg = Release|Any CPU
		{2E907E78-D1B3-44C0-A516-A0191D948125}.Release|Any CPU.Build.0 = Release|Any CPU
		{589728A0-744A-4887-8B7A-81B6966DD4FE}.Debug|Any CPU.ActiveCfg = Debug|Any CPU
		{589728A0-744A-4887-8B7A-81B6966DD4FE}.Debug|Any CPU.Build.0 = Debug|Any CPU
		{589728A0-744A-4887-8B7A-81B6966DD4FE}.Release|Any CPU.ActiveCfg = Release|Any CPU
		{589728A0-744A-4887-8B7A-81B6966DD4FE}.Release|Any CPU.Build.0 = Release|Any CPU
	EndGlobalSection
	GlobalSection(SolutionProperties) = preSolution
		HideSolutionNode = FALSE
	EndGlobalSection
	GlobalSection(NestedProjects) = preSolution
		{F35D9FC0-45BF-45B2-B0C6-60238A20A3BC} = {2C4A7648-7D82-45AC-907F-7D5E14EA5EBE}
		{2E907E78-D1B3-44C0-A516-A0191D948125} = {0DA0A71D-004D-4198-B5BE-C504ACE33F0B}
		{589728A0-744A-4887-8B7A-81B6966DD4FE} = {0DA0A71D-004D-4198-B5BE-C504ACE33F0B}
	EndGlobalSection
	GlobalSection(ExtensibilityGlobals) = postSolution
		SolutionGuid = {F17E60AA-B667-4888-B887-0FA4896A4E6D}
	EndGlobalSection
EndGlobal
